{
  "requires": true,
  "lockfileVersion": 1,
  "dependencies": {
    "@aws-cdk/aws-events": {
      "version": "1.11.0",
      "resolved": "https://registry.npmjs.org/@aws-cdk/aws-events/-/aws-events-1.11.0.tgz",
      "integrity": "sha512-Lh0tAyV/DrAwkuPvVXQqrcimsCLuWR4u6xvKEmcqX/ax5ooyjhIhi3zM44XtJO3IvQpT3yi6HdDI5OZdBso2yw==",
      "requires": {
        "@aws-cdk/aws-iam": "^1.11.0",
        "@aws-cdk/core": "^1.11.0"
      }
    },
    "@aws-cdk/aws-iam": {
      "version": "1.11.0",
      "resolved": "https://registry.npmjs.org/@aws-cdk/aws-iam/-/aws-iam-1.11.0.tgz",
      "integrity": "sha512-9VnZHOJrKS2i3jQK8rOqA2G5mLUDDD63QfKoqOnU/syjB8BlyZfgBw2uDnPgMKVF3D3ubinwV0v4TwxaSoFZHw==",
      "requires": {
        "@aws-cdk/core": "^1.11.0",
        "@aws-cdk/region-info": "^1.11.0"
      }
    },
    "@aws-cdk/aws-kms": {
      "version": "1.11.0",
      "resolved": "https://registry.npmjs.org/@aws-cdk/aws-kms/-/aws-kms-1.11.0.tgz",
      "integrity": "sha512-4FE+YwTcGz4B1ZfozZuouJ768hTelWaWQfyiKnDNTxqMlH102rLCZ3d2HD/KMoCbhkOYNke3nbxHqNYsFvOVBQ==",
      "requires": {
        "@aws-cdk/aws-iam": "^1.11.0",
        "@aws-cdk/core": "^1.11.0"
      }
    },
    "@aws-cdk/aws-s3": {
      "version": "1.11.0",
      "resolved": "https://registry.npmjs.org/@aws-cdk/aws-s3/-/aws-s3-1.11.0.tgz",
      "integrity": "sha512-EpSKj0Qrqgfiv+6Kejc9J5PZfeJaQKY88Sf7jykN6+iSyjE1+ofu1xxigHMG/J3TF5mG0JMO097VDrYu8UwVZQ==",
      "requires": {
        "@aws-cdk/aws-events": "^1.11.0",
        "@aws-cdk/aws-iam": "^1.11.0",
        "@aws-cdk/aws-kms": "^1.11.0",
        "@aws-cdk/core": "^1.11.0"
      }
    },
    "@aws-cdk/core": {
      "version": "1.11.0",
      "resolved": "https://registry.npmjs.org/@aws-cdk/core/-/core-1.11.0.tgz",
      "integrity": "sha512-0xtKxvwpPcf8QbNhEZr9VSwDkPHK0vb9sZYeMPLb8E6r/j/VshSrY1/U28HcHWtJ2VjiBN3GhInBKHlI8wTzKg==",
      "requires": {
        "@aws-cdk/cx-api": "^1.11.0"
      }
    },
    "@aws-cdk/cx-api": {
      "version": "1.11.0",
      "resolved": "https://registry.npmjs.org/@aws-cdk/cx-api/-/cx-api-1.11.0.tgz",
      "integrity": "sha512-ooPAT0iItxXL3xpVXJHGhUFqgVdIKnNSqJvBZnGv9xCqmvgw5IRhvZqx7bWcOV4TAwN2s01Mqe5V9mwggWNaHw==",
      "requires": {
        "semver": "^6.3.0"
      },
      "dependencies": {
        "semver": {
          "version": "6.3.0",
          "bundled": true
        }
      }
    },
    "@aws-cdk/region-info": {
      "version": "1.11.0",
      "resolved": "https://registry.npmjs.org/@aws-cdk/region-info/-/region-info-1.11.0.tgz",
      "integrity": "sha512-TGN282/P6g7mrzLRqAwsTVUD4J05pw285gdNklpzzqnt+bqM1iTmDMdjy1W+nBE9mIWBb7ygfLLx8o0+2RPUTw=="
    }
  }
}
